
Microsoft Visual Studio Solution File, Format Version 12.00
# Visual Studio 15
VisualStudioVersion = 15.0.28010.2046
MinimumVisualStudioVersion = 10.0.40219.1
Project("{FAE04EC0-301F-11D3-BF4B-00C04F79EFBC}") = "FluentAssertionTests.Web", "FluentAssertionTests.Web\FluentAssertionTests.Web.csproj", "{D923FCC0-E206-432B-8ECF-0CEB85ADD97F}"
EndProject
Project("{FAE04EC0-301F-11D3-BF4B-00C04F79EFBC}") = "FluentAssertionTests.Models", "FluentAssertionTests.Models\FluentAssertionTests.Models.csproj", "{A12DE913-A13E-45E8-8B15-27F91EF7797E}"
EndProject
Project("{FAE04EC0-301F-11D3-BF4B-00C04F79EFBC}") = "FluentAssertionTests.Logics", "FluentAssertionTests.Logics\FluentAssertionTests.Logics.csproj", "{0AB9594C-A6E0-4B50-B1B4-7248FD12E890}"
EndProject
Project("{FAE04EC0-301F-11D3-BF4B-00C04F79EFBC}") = "FluentAssertionTests.Logics.UnitTests", "FluentAssertionTests.Logics.UnitTests\FluentAssertionTests.Logics.UnitTests.csproj", "{5A64D925-3304-49EC-8DB5-DE5E8DE59647}"
EndProject
Global
	GlobalSection(SolutionConfigurationPlatforms) = preSolution
		Debug|Any CPU = Debug|Any CPU
		Release|Any CPU = Release|Any CPU
	EndGlobalSection
	GlobalSection(ProjectConfigurationPlatforms) = postSolution
		{D923FCC0-E206-432B-8ECF-0CEB85ADD97F}.Debug|Any CPU.ActiveCfg = Debug|Any CPU
		{D923FCC0-E206-432B-8ECF-0CEB85ADD97F}.Debug|Any CPU.Build.0 = Debug|Any CPU
		{D923FCC0-E206-432B-8ECF-0CEB85ADD97F}.Release|Any CPU.ActiveCfg = Release|Any CPU
		{D923FCC0-E206-432B-8ECF-0CEB85ADD97F}.Release|Any CPU.Build.0 = Release|Any CPU
		{A12DE913-A13E-45E8-8B15-27F91EF7797E}.Debug|Any CPU.ActiveCfg = Debug|Any CPU
		{A12DE913-A13E-45E8-8B15-27F91EF7797E}.Debug|Any CPU.Build.0 = Debug|Any CPU
		{A12DE913-A13E-45E8-8B15-27F91EF7797E}.Release|Any CPU.ActiveCfg = Release|Any CPU
		{A12DE913-A13E-45E8-8B15-27F91EF7797E}.Release|Any CPU.Build.0 = Release|Any CPU
		{0AB9594C-A6E0-4B50-B1B4-7248FD12E890}.Debug|Any CPU.ActiveCfg = Debug|Any CPU
		{0AB9594C-A6E0-4B50-B1B4-7248FD12E890}.Debug|Any CPU.Build.0 = Debug|Any CPU
		{0AB9594C-A6E0-4B50-B1B4-7248FD12E890}.Release|Any CPU.ActiveCfg = Release|Any CPU
		{0AB9594C-A6E0-4B50-B1B4-7248FD12E890}.Release|Any CPU.Build.0 = Release|Any CPU
		{5A64D925-3304-49EC-8DB5-DE5E8DE59647}.Debug|Any CPU.ActiveCfg = Debug|Any CPU
		{5A64D925-3304-49EC-8DB5-DE5E8DE59647}.Debug|Any CPU.Build.0 = Debug|Any CPU
		{5A64D925-3304-49EC-8DB5-DE5E8DE59647}.Release|Any CPU.ActiveCfg = Release|Any CPU
		{5A64D925-3304-49EC-8DB5-DE5E8DE59647}.Release|Any CPU.Build.0 = Release|Any CPU
	EndGlobalSection
	GlobalSection(SolutionProperties) = preSolution
		HideSolutionNode = FALSE
	EndGlobalSection
	GlobalSection(ExtensibilityGlobals) = postSolution
		SolutionGuid = {70AAF35D-B8BA-4431-9256-316411014899}
	EndGlobalSection
EndGlobal
